
Microsoft Visual Studio Solution File, Format Version 12.00
# Visual Studio Version 16
VisualStudioVersion = 16.0.30804.86
MinimumVisualStudioVersion = 10.0.40219.1
Project("{FAE04EC0-301F-11D3-BF4B-00C04F79EFBC}") = "CF_Console_01", "CF_Console_01\CF_Console_01.csproj", "{9931CE1B-4A97-4865-87E8-24EED8CBB8D9}"
EndProject
Global
	GlobalSection(SolutionConfigurationPlatforms) = preSolution
		Debug|Any CPU = Debug|Any CPU
		Release|Any CPU = Release|Any CPU
	EndGlobalSection
	GlobalSection(ProjectConfigurationPlatforms) = postSolution
		{9931CE1B-4A97-4865-87E8-24EED8CBB8D9}.Debug|Any CPU.ActiveCfg = Debug|Any CPU
		{9931CE1B-4A97-4865-87E8-24EED8CBB8D9}.Debug|Any CPU.Build.0 = Debug|Any CPU
		{9931CE1B-4A97-4865-87E8-24EED8CBB8D9}.Release|Any CPU.ActiveCfg = Release|Any CPU
		{9931CE1B-4A97-4865-87E8-24EED8CBB8D9}.Release|Any CPU.Build.0 = Release|Any CPU
	EndGlobalSection
	GlobalSection(SolutionProperties) = preSolution
		HideSolutionNode = FALSE
	EndGlobalSection
	GlobalSection(ExtensibilityGlobals) = postSolution
		SolutionGuid = {24D657A5-8CA3-4C06-AB08-C19171EA8E7E}
	EndGlobalSection
EndGlobal
